# This file is automatically @generated by Cargo.
# It is not intended for manual editing.
version = 4

[[package]]
name = "onepack-api-client"
version = "0.0.0"

[[package]]
name = "onepack-cli"
version = "0.0.0"
dependencies = [
 "onepack-api-client",
]

[[package]]
name = "onepack-core"
version = "0.0.0"

[[package]]
name = "onepack-nuget"
version = "0.0.0"
dependencies = [
 "onepack-core",
]

[[package]]
name = "onepack-server"
version = "0.0.0"
dependencies = [
 "onepack-api-client",
 "onepack-core",
 "onepack-nuget",
 "onepack-storage",
]

[[package]]
name = "onepack-storage"
version = "0.0.0"
dependencies = [
 "onepack-core",
]
